<?xml version="1.0" encoding="utf-8"?>
<Project ToolsVersion="4.0" xmlns="http://schemas.microsoft.com/developer/msbuild/2003">
  <ItemGroup>
    <Filter Include="Main">
      <UniqueIdentifier>{a27d1fd7-1ca6-4967-b8f4-67559715df40}</UniqueIdentifier>
    </Filter>
    <Filter Include="Utils">
      <UniqueIdentifier>{3375d23c-7919-4075-86e5-55a9809b0e29}</UniqueIdentifier>
    </Filter>
    <Filter Include="Session">
      <UniqueIdentifier>{8d10a97c-4011-41c4-92a0-ea129482702b}</UniqueIdentifier>
    </Filter>
    <Filter Include="Protocol">
      <UniqueIdentifier>{78c0a792-d6f6-462a-a522-31e48f52d1e2}</UniqueIdentifier>
    </Filter>
    <Filter Include="PacketHandler">
      <UniqueIdentifier>{a62e60c1-ecb6-4885-837a-5b27fe5a0241}</UniqueIdentifier>
    </Filter>
  </ItemGroup>
  <ItemGroup>
    <ClCompile Include="UserServerSession.cpp">
      <Filter>Session</Filter>
    </ClCompile>
    <ClCompile Include="SessionManager.cpp">
      <Filter>Session</Filter>
    </ClCompile>
    <ClCompile Include="pch.cpp" />
    <ClCompile Include="RoomPacketHandler.cpp">
      <Filter>PacketHandler</Filter>
    </ClCompile>
    <ClCompile Include="ServerProtocol.pb.cc">
      <Filter>Protocol</Filter>
    </ClCompile>
    <ClCompile Include="RoomServer.cpp" />
  </ItemGroup>
  <ItemGroup>
    <ClInclude Include="UserServerSession.h">
      <Filter>Session</Filter>
    </ClInclude>
    <ClInclude Include="SessionManager.h">
      <Filter>Session</Filter>
    </ClInclude>
    <ClInclude Include="pch.h" />
    <ClInclude Include="RoomPacketHandler.h">
      <Filter>PacketHandler</Filter>
    </ClInclude>
    <ClInclude Include="ServerProtocol.pb.h">
      <Filter>Protocol</Filter>
    </ClInclude>
  </ItemGroup>
  <ItemGroup>
    <None Include="..\Common\Protobuf\bin\ServerProtocol.proto">
      <Filter>Protocol</Filter>
    </None>
  </ItemGroup>
</Project>