
Microsoft Visual Studio Solution File, Format Version 12.00
# Visual Studio Version 17
VisualStudioVersion = 17.11.35219.272
MinimumVisualStudioVersion = 10.0.40219.1
Project("{8BC9CEB8-8B4A-11D0-8D11-00A0C91BC942}") = "Server_A", "Server_A\Server_A.vcxproj", "{17263849-1EA0-4AB0-9449-F857D2F3D67C}"
EndProject
Project("{8BC9CEB8-8B4A-11D0-8D11-00A0C91BC942}") = "ServerCore", "ServerCore\ServerCore.vcxproj", "{3B3703CD-A3CF-478F-929F-40A61A083B64}"
EndProject
Project("{2150E333-8FDC-42A3-9474-1A3956D46DE8}") = "Solution Items", "Solution Items", "{E3EC06B9-4333-4C4B-A37C-9A815D1C39F3}"
	ProjectSection(SolutionItems) = preProject
		.editorconfig = .editorconfig
	EndProjectSection
EndProject
Project("{2150E333-8FDC-42A3-9474-1A3956D46DE8}") = "Tools", "Tools", "{7F4716D9-0151-45F4-8630-E716B8367498}"
EndProject
Project("{888888A0-9F3D-457C-B088-3A5042F75D52}") = "PacketGenerator", "PacketGenerator\PacketGenerator.pyproj", "{37555449-2FFF-4F83-AF04-06C7231DE6F9}"
EndProject
Global
	GlobalSection(SolutionConfigurationPlatforms) = preSolution
		Debug|Any CPU = Debug|Any CPU
		Debug|x64 = Debug|x64
		Debug|x86 = Debug|x86
		Release|Any CPU = Release|Any CPU
		Release|x64 = Release|x64
		Release|x86 = Release|x86
	EndGlobalSection
	GlobalSection(ProjectConfigurationPlatforms) = postSolution
		{17263849-1EA0-4AB0-9449-F857D2F3D67C}.Debug|Any CPU.ActiveCfg = Debug|x64
		{17263849-1EA0-4AB0-9449-F857D2F3D67C}.Debug|Any CPU.Build.0 = Debug|x64
		{17263849-1EA0-4AB0-9449-F857D2F3D67C}.Debug|x64.ActiveCfg = Debug|x64
		{17263849-1EA0-4AB0-9449-F857D2F3D67C}.Debug|x64.Build.0 = Debug|x64
		{17263849-1EA0-4AB0-9449-F857D2F3D67C}.Debug|x86.ActiveCfg = Debug|Win32
		{17263849-1EA0-4AB0-9449-F857D2F3D67C}.Debug|x86.Build.0 = Debug|Win32
		{17263849-1EA0-4AB0-9449-F857D2F3D67C}.Release|Any CPU.ActiveCfg = Release|x64
		{17263849-1EA0-4AB0-9449-F857D2F3D67C}.Release|Any CPU.Build.0 = Release|x64
		{17263849-1EA0-4AB0-9449-F857D2F3D67C}.Release|x64.ActiveCfg = Release|x64
		{17263849-1EA0-4AB0-9449-F857D2F3D67C}.Release|x64.Build.0 = Release|x64
		{17263849-1EA0-4AB0-9449-F857D2F3D67C}.Release|x86.ActiveCfg = Release|Win32
		{17263849-1EA0-4AB0-9449-F857D2F3D67C}.Release|x86.Build.0 = Release|Win32
		{3B3703CD-A3CF-478F-929F-40A61A083B64}.Debug|Any CPU.ActiveCfg = Debug|x64
		{3B3703CD-A3CF-478F-929F-40A61A083B64}.Debug|Any CPU.Build.0 = Debug|x64
		{3B3703CD-A3CF-478F-929F-40A61A083B64}.Debug|x64.ActiveCfg = Debug|x64
		{3B3703CD-A3CF-478F-929F-40A61A083B64}.Debug|x64.Build.0 = Debug|x64
		{3B3703CD-A3CF-478F-929F-40A61A083B64}.Debug|x86.ActiveCfg = Debug|Win32
		{3B3703CD-A3CF-478F-929F-40A61A083B64}.Debug|x86.Build.0 = Debug|Win32
		{3B3703CD-A3CF-478F-929F-40A61A083B64}.Release|Any CPU.ActiveCfg = Release|x64
		{3B3703CD-A3CF-478F-929F-40A61A083B64}.Release|Any CPU.Build.0 = Release|x64
		{3B3703CD-A3CF-478F-929F-40A61A083B64}.Release|x64.ActiveCfg = Release|x64
		{3B3703CD-A3CF-478F-929F-40A61A083B64}.Release|x64.Build.0 = Release|x64
		{3B3703CD-A3CF-478F-929F-40A61A083B64}.Release|x86.ActiveCfg = Release|Win32
		{3B3703CD-A3CF-478F-929F-40A61A083B64}.Release|x86.Build.0 = Release|Win32
		{37555449-2FFF-4F83-AF04-06C7231DE6F9}.Debug|Any CPU.ActiveCfg = Debug|Any CPU
		{37555449-2FFF-4F83-AF04-06C7231DE6F9}.Debug|x64.ActiveCfg = Debug|Any CPU
		{37555449-2FFF-4F83-AF04-06C7231DE6F9}.Debug|x86.ActiveCfg = Debug|Any CPU
		{37555449-2FFF-4F83-AF04-06C7231DE6F9}.Release|Any CPU.ActiveCfg = Release|Any CPU
		{37555449-2FFF-4F83-AF04-06C7231DE6F9}.Release|x64.ActiveCfg = Release|Any CPU
		{37555449-2FFF-4F83-AF04-06C7231DE6F9}.Release|x86.ActiveCfg = Release|Any CPU
	EndGlobalSection
	GlobalSection(SolutionProperties) = preSolution
		HideSolutionNode = FALSE
	EndGlobalSection
	GlobalSection(NestedProjects) = preSolution
		{37555449-2FFF-4F83-AF04-06C7231DE6F9} = {7F4716D9-0151-45F4-8630-E716B8367498}
	EndGlobalSection
	GlobalSection(ExtensibilityGlobals) = postSolution
		SolutionGuid = {0C23491C-F4AC-432F-B158-99CC2138A050}
	EndGlobalSection
EndGlobal
