<?xml version="1.0" encoding="utf-8"?>
<Project ToolsVersion="4.0" xmlns="http://schemas.microsoft.com/developer/msbuild/2003">
  <ItemGroup>
    <Filter Include="Utils">
      <UniqueIdentifier>{4d643845-1faf-4a65-ad81-a851a57533f3}</UniqueIdentifier>
    </Filter>
    <Filter Include="Main">
      <UniqueIdentifier>{acebe46e-2003-4c29-850b-7c1a2fa90fe5}</UniqueIdentifier>
    </Filter>
    <Filter Include="Protocol">
      <UniqueIdentifier>{17127b07-d4c0-4f55-bcce-9998370af816}</UniqueIdentifier>
    </Filter>
    <Filter Include="Main\Game">
      <UniqueIdentifier>{2800dc33-e3ee-42a0-a477-3f4005ab9050}</UniqueIdentifier>
    </Filter>
    <Filter Include="Main\Game\Room">
      <UniqueIdentifier>{c0b218de-f6f1-490d-a75d-0f6795e2f978}</UniqueIdentifier>
    </Filter>
    <Filter Include="Main\Game\Object">
      <UniqueIdentifier>{64bf7f13-7e62-4911-bdd3-8ebc8ba37233}</UniqueIdentifier>
    </Filter>
    <Filter Include="Data">
      <UniqueIdentifier>{2cf978f4-16d7-4f8d-89eb-3584347eada2}</UniqueIdentifier>
    </Filter>
    <Filter Include="Main\Game\Job">
      <UniqueIdentifier>{8845723d-85bb-4297-9380-0dc8d1a1bcf1}</UniqueIdentifier>
    </Filter>
  </ItemGroup>
  <ItemGroup>
    <ClCompile Include="pch.cpp">
      <Filter>Utils</Filter>
    </ClCompile>
    <ClCompile Include="Server.cpp">
      <Filter>Main</Filter>
    </ClCompile>
    <ClCompile Include="GameSessionManager.cpp">
      <Filter>Main</Filter>
    </ClCompile>
    <ClCompile Include="GameSession.cpp">
      <Filter>Main</Filter>
    </ClCompile>
    <ClCompile Include="ClientPacketHandler.cpp">
      <Filter>Main</Filter>
    </ClCompile>
    <ClCompile Include="Enum.pb.cc">
      <Filter>Protocol</Filter>
    </ClCompile>
    <ClCompile Include="Protocol.pb.cc">
      <Filter>Protocol</Filter>
    </ClCompile>
    <ClCompile Include="Struct.pb.cc">
      <Filter>Protocol</Filter>
    </ClCompile>
    <ClCompile Include="RoomManager.cpp">
      <Filter>Main\Game\Room</Filter>
    </ClCompile>
    <ClCompile Include="Room.cpp">
      <Filter>Main\Game\Room</Filter>
    </ClCompile>
    <ClCompile Include="Arrow.cpp">
      <Filter>Main\Game\Object</Filter>
    </ClCompile>
    <ClCompile Include="GameObject.cpp">
      <Filter>Main\Game\Object</Filter>
    </ClCompile>
    <ClCompile Include="Monster.cpp">
      <Filter>Main\Game\Object</Filter>
    </ClCompile>
    <ClCompile Include="Player.cpp">
      <Filter>Main\Game\Object</Filter>
    </ClCompile>
    <ClCompile Include="ObjectManager.cpp">
      <Filter>Main\Game\Object</Filter>
    </ClCompile>
    <ClCompile Include="MapManager.cpp">
      <Filter>Main\Game\Room</Filter>
    </ClCompile>
    <ClCompile Include="ProjectTile.cpp">
      <Filter>Main\Game\Object</Filter>
    </ClCompile>
    <ClCompile Include="DataManager.cpp">
      <Filter>Data</Filter>
    </ClCompile>
    <ClCompile Include="ConfigManager.cpp">
      <Filter>Data</Filter>
    </ClCompile>
    <ClCompile Include="DataContent.cpp">
      <Filter>Data</Filter>
    </ClCompile>
    <ClCompile Include="Job.cpp">
      <Filter>Main\Game\Job</Filter>
    </ClCompile>
    <ClCompile Include="JobSerializer.cpp">
      <Filter>Main\Game\Job</Filter>
    </ClCompile>
  </ItemGroup>
  <ItemGroup>
    <ClInclude Include="pch.h">
      <Filter>Utils</Filter>
    </ClInclude>
    <ClInclude Include="GameSessionManager.h">
      <Filter>Main</Filter>
    </ClInclude>
    <ClInclude Include="GameSession.h">
      <Filter>Main</Filter>
    </ClInclude>
    <ClInclude Include="ClientPacketHandler.h">
      <Filter>Main</Filter>
    </ClInclude>
    <ClInclude Include="Enum.pb.h">
      <Filter>Protocol</Filter>
    </ClInclude>
    <ClInclude Include="Protocol.pb.h">
      <Filter>Protocol</Filter>
    </ClInclude>
    <ClInclude Include="Struct.pb.h">
      <Filter>Protocol</Filter>
    </ClInclude>
    <ClInclude Include="Room.h">
      <Filter>Main\Game\Room</Filter>
    </ClInclude>
    <ClInclude Include="RoomManager.h">
      <Filter>Main\Game\Room</Filter>
    </ClInclude>
    <ClInclude Include="MapManager.h">
      <Filter>Main\Game\Room</Filter>
    </ClInclude>
    <ClInclude Include="Arrow.h">
      <Filter>Main\Game\Object</Filter>
    </ClInclude>
    <ClInclude Include="GameObject.h">
      <Filter>Main\Game\Object</Filter>
    </ClInclude>
    <ClInclude Include="Monster.h">
      <Filter>Main\Game\Object</Filter>
    </ClInclude>
    <ClInclude Include="Player.h">
      <Filter>Main\Game\Object</Filter>
    </ClInclude>
    <ClInclude Include="ObjectManager.h">
      <Filter>Main\Game\Object</Filter>
    </ClInclude>
    <ClInclude Include="ProjectTile.h">
      <Filter>Main\Game\Object</Filter>
    </ClInclude>
    <ClInclude Include="DataManager.h">
      <Filter>Data</Filter>
    </ClInclude>
    <ClInclude Include="ConfigManager.h">
      <Filter>Data</Filter>
    </ClInclude>
    <ClInclude Include="DataContent.h">
      <Filter>Data</Filter>
    </ClInclude>
    <ClInclude Include="Job.h">
      <Filter>Main\Game\Job</Filter>
    </ClInclude>
    <ClInclude Include="JobSerializer.h">
      <Filter>Main\Game\Job</Filter>
    </ClInclude>
  </ItemGroup>
  <ItemGroup>
    <None Include="..\Common\Protobuf\bin\Enum.proto">
      <Filter>Protocol</Filter>
    </None>
    <None Include="..\Common\Protobuf\bin\Protocol.proto">
      <Filter>Protocol</Filter>
    </None>
    <None Include="..\Common\Protobuf\bin\Struct.proto">
      <Filter>Protocol</Filter>
    </None>
    <None Include="..\Common\Protobuf\bin\GenPackets.bat">
      <Filter>Protocol</Filter>
    </None>
  </ItemGroup>
</Project>