<?xml version="1.0" encoding="utf-8"?>
<Project ToolsVersion="4.0" xmlns="http://schemas.microsoft.com/developer/msbuild/2003">
  <ItemGroup>
    <Filter Include="Utils">
      <UniqueIdentifier>{4d643845-1faf-4a65-ad81-a851a57533f3}</UniqueIdentifier>
    </Filter>
    <Filter Include="Main">
      <UniqueIdentifier>{acebe46e-2003-4c29-850b-7c1a2fa90fe5}</UniqueIdentifier>
    </Filter>
    <Filter Include="Protocol">
      <UniqueIdentifier>{17127b07-d4c0-4f55-bcce-9998370af816}</UniqueIdentifier>
    </Filter>
    <Filter Include="Main\Game">
      <UniqueIdentifier>{2800dc33-e3ee-42a0-a477-3f4005ab9050}</UniqueIdentifier>
    </Filter>
    <Filter Include="Main\Game\Room">
      <UniqueIdentifier>{c0b218de-f6f1-490d-a75d-0f6795e2f978}</UniqueIdentifier>
    </Filter>
    <Filter Include="Main\Game\Object">
      <UniqueIdentifier>{64bf7f13-7e62-4911-bdd3-8ebc8ba37233}</UniqueIdentifier>
    </Filter>
    <Filter Include="Data">
      <UniqueIdentifier>{2cf978f4-16d7-4f8d-89eb-3584347eada2}</UniqueIdentifier>
    </Filter>
    <Filter Include="DB">
      <UniqueIdentifier>{26bd730e-e8fb-46cd-a18a-ab663c58f13a}</UniqueIdentifier>
    </Filter>
    <Filter Include="Utils\Redis">
      <UniqueIdentifier>{41d3c918-5b67-4c40-bfb5-71297c968252}</UniqueIdentifier>
    </Filter>
    <Filter Include="Utils\JwtUtils">
      <UniqueIdentifier>{df419935-e445-48f5-b60e-effa9cab710b}</UniqueIdentifier>
    </Filter>
    <Filter Include="Session">
      <UniqueIdentifier>{13982f13-4eb8-405d-9bc7-438a32bc344c}</UniqueIdentifier>
    </Filter>
    <Filter Include="PacketHandler">
      <UniqueIdentifier>{e87d376d-b5b6-4783-891e-c6c7f50760b7}</UniqueIdentifier>
    </Filter>
    <Filter Include="Utils\Json">
      <UniqueIdentifier>{be2ec07a-8d20-4985-b4d4-36d90edd8cd2}</UniqueIdentifier>
    </Filter>
  </ItemGroup>
  <ItemGroup>
    <ClCompile Include="Protocol.pb.cc">
      <Filter>Protocol</Filter>
    </ClCompile>
    <ClCompile Include="RoomManager.cpp">
      <Filter>Main\Game\Room</Filter>
    </ClCompile>
    <ClCompile Include="Room.cpp">
      <Filter>Main\Game\Room</Filter>
    </ClCompile>
    <ClCompile Include="Player.cpp">
      <Filter>Main\Game\Object</Filter>
    </ClCompile>
    <ClCompile Include="DataManager.cpp">
      <Filter>Data</Filter>
    </ClCompile>
    <ClCompile Include="ConfigManager.cpp">
      <Filter>Data</Filter>
    </ClCompile>
    <ClCompile Include="DataContent.cpp">
      <Filter>Data</Filter>
    </ClCompile>
    <ClCompile Include="ObjectManager.cpp">
      <Filter>Main\Game\Object</Filter>
    </ClCompile>
    <ClCompile Include="GameObject.cpp">
      <Filter>Main\Game\Object</Filter>
    </ClCompile>
    <ClCompile Include="MapManager.cpp">
      <Filter>Main\Game\Room</Filter>
    </ClCompile>
    <ClCompile Include="MysqlConnectionPool.cpp">
      <Filter>DB</Filter>
    </ClCompile>
    <ClCompile Include="MysqlConnection.cpp">
      <Filter>DB</Filter>
    </ClCompile>
    <ClCompile Include="MysqlCommand.cpp">
      <Filter>DB</Filter>
    </ClCompile>
    <ClCompile Include="RedisConnection.cpp">
      <Filter>DB</Filter>
    </ClCompile>
    <ClCompile Include="RedisUtils.cpp">
      <Filter>Utils\Redis</Filter>
    </ClCompile>
    <ClCompile Include="JwtUtils.cpp">
      <Filter>Utils\JwtUtils</Filter>
    </ClCompile>
    <ClCompile Include="Monster.cpp">
      <Filter>Main\Game\Object</Filter>
    </ClCompile>
    <ClCompile Include="Arrow.cpp">
      <Filter>Main\Game\Object</Filter>
    </ClCompile>
    <ClCompile Include="ProjectTile.cpp">
      <Filter>Main\Game\Object</Filter>
    </ClCompile>
    <ClCompile Include="MagicSkill.cpp">
      <Filter>Main\Game\Object</Filter>
    </ClCompile>
    <ClCompile Include="pch.cpp" />
    <ClCompile Include="Server.cpp" />
    <ClCompile Include="ServerProtocol.pb.cc">
      <Filter>Protocol</Filter>
    </ClCompile>
    <ClCompile Include="RoomSession.cpp">
      <Filter>Session</Filter>
    </ClCompile>
    <ClCompile Include="RoomSessionManager.cpp">
      <Filter>Session</Filter>
    </ClCompile>
    <ClCompile Include="ServerPacketHandler.cpp">
      <Filter>PacketHandler</Filter>
    </ClCompile>
    <ClCompile Include="ClientPacketHandler.cpp">
      <Filter>PacketHandler</Filter>
    </ClCompile>
    <ClCompile Include="GameSessionManager.cpp">
      <Filter>Session</Filter>
    </ClCompile>
    <ClCompile Include="GameSession.cpp">
      <Filter>Session</Filter>
    </ClCompile>
    <ClCompile Include="GlobalObject.cpp">
      <Filter>Utils</Filter>
    </ClCompile>
    <ClCompile Include="JsonUtils.cpp">
      <Filter>Utils\Json</Filter>
    </ClCompile>
    <ClCompile Include="Utils.cpp">
      <Filter>Utils</Filter>
    </ClCompile>
    <ClCompile Include="RedisPubSubConnetion.cpp">
      <Filter>DB</Filter>
    </ClCompile>
    <ClCompile Include="RedisManager.cpp">
      <Filter>DB</Filter>
    </ClCompile>
    <ClCompile Include="Common.pb.cc">
      <Filter>Protocol</Filter>
    </ClCompile>
  </ItemGroup>
  <ItemGroup>
    <ClInclude Include="Protocol.pb.h">
      <Filter>Protocol</Filter>
    </ClInclude>
    <ClInclude Include="Room.h">
      <Filter>Main\Game\Room</Filter>
    </ClInclude>
    <ClInclude Include="RoomManager.h">
      <Filter>Main\Game\Room</Filter>
    </ClInclude>
    <ClInclude Include="Player.h">
      <Filter>Main\Game\Object</Filter>
    </ClInclude>
    <ClInclude Include="DataManager.h">
      <Filter>Data</Filter>
    </ClInclude>
    <ClInclude Include="ConfigManager.h">
      <Filter>Data</Filter>
    </ClInclude>
    <ClInclude Include="DataContent.h">
      <Filter>Data</Filter>
    </ClInclude>
    <ClInclude Include="ObjectManager.h">
      <Filter>Main\Game\Object</Filter>
    </ClInclude>
    <ClInclude Include="GameObject.h">
      <Filter>Main\Game\Object</Filter>
    </ClInclude>
    <ClInclude Include="MapManager.h">
      <Filter>Main\Game\Room</Filter>
    </ClInclude>
    <ClInclude Include="MysqlConnection.h">
      <Filter>DB</Filter>
    </ClInclude>
    <ClInclude Include="MysqlConnectionPool.h">
      <Filter>DB</Filter>
    </ClInclude>
    <ClInclude Include="MysqlCommand.h">
      <Filter>DB</Filter>
    </ClInclude>
    <ClInclude Include="GlobalObject.h">
      <Filter>Utils</Filter>
    </ClInclude>
    <ClInclude Include="RedisConnection.h">
      <Filter>DB</Filter>
    </ClInclude>
    <ClInclude Include="RedisUtils.h">
      <Filter>Utils\Redis</Filter>
    </ClInclude>
    <ClInclude Include="JwtUtils.h">
      <Filter>Utils\JwtUtils</Filter>
    </ClInclude>
    <ClInclude Include="Monster.h">
      <Filter>Main\Game\Object</Filter>
    </ClInclude>
    <ClInclude Include="Arrow.h">
      <Filter>Main\Game\Object</Filter>
    </ClInclude>
    <ClInclude Include="ProjectTile.h">
      <Filter>Main\Game\Object</Filter>
    </ClInclude>
    <ClInclude Include="MagicSkill.h">
      <Filter>Main\Game\Object</Filter>
    </ClInclude>
    <ClInclude Include="pch.h" />
    <ClInclude Include="ServerProtocol.pb.h">
      <Filter>Protocol</Filter>
    </ClInclude>
    <ClInclude Include="RoomSession.h">
      <Filter>Session</Filter>
    </ClInclude>
    <ClInclude Include="RoomSessionManager.h">
      <Filter>Session</Filter>
    </ClInclude>
    <ClInclude Include="ServerPacketHandler.h">
      <Filter>PacketHandler</Filter>
    </ClInclude>
    <ClInclude Include="ClientPacketHandler.h">
      <Filter>PacketHandler</Filter>
    </ClInclude>
    <ClInclude Include="GameSessionManager.h">
      <Filter>Session</Filter>
    </ClInclude>
    <ClInclude Include="GameSession.h">
      <Filter>Session</Filter>
    </ClInclude>
    <ClInclude Include="JsonUtils.h">
      <Filter>Utils\Json</Filter>
    </ClInclude>
    <ClInclude Include="Utils.h">
      <Filter>Utils</Filter>
    </ClInclude>
    <ClInclude Include="RedisPubSubConnetion.h">
      <Filter>DB</Filter>
    </ClInclude>
    <ClInclude Include="RedisManager.h">
      <Filter>DB</Filter>
    </ClInclude>
    <ClInclude Include="Common.pb.h">
      <Filter>Protocol</Filter>
    </ClInclude>
  </ItemGroup>
  <ItemGroup>
    <None Include="..\Common\Protobuf\bin\Protocol.proto">
      <Filter>Protocol</Filter>
    </None>
    <None Include="..\Common\Protobuf\bin\GenPackets.bat">
      <Filter>Protocol</Filter>
    </None>
    <None Include="..\Common\Protobuf\bin\ServerProtocol.proto">
      <Filter>Protocol</Filter>
    </None>
    <None Include="..\Common\Protobuf\bin\Common.proto">
      <Filter>Protocol</Filter>
    </None>
  </ItemGroup>
</Project>